// !$*UTF8*$!
{
	archiveVersion = 1;
	classes = {
	};
	objectVersion = 56;
	objects = {

/* Begin PBXBuildFile section */
		1BAE40E82B72060400B4CD56 /* DetailViewController.swift in Sources */ = {isa = PBXBuildFile; fileRef = 1BAE40E72B72060400B4CD56 /* DetailViewController.swift */; };
		1BC195D12B7484E6002EE44B /* UIColor+Extension.swift in Sources */ = {isa = PBXBuildFile; fileRef = 1BC195D02B7484E6002EE44B /* UIColor+Extension.swift */; };
		1BC557072B7A2E9100C0D039 /* ImageCacheManager.swift in Sources */ = {isa = PBXBuildFile; fileRef = 1BC557062B7A2E9100C0D039 /* ImageCacheManager.swift */; };
		1BC557092B7A3B2A00C0D039 /* UIImageView+Extension.swift in Sources */ = {isa = PBXBuildFile; fileRef = 1BC557082B7A3B2A00C0D039 /* UIImageView+Extension.swift */; };
		1BD172222B7B68A200C940AB /* FavoriteViewController.swift in Sources */ = {isa = PBXBuildFile; fileRef = 1BD172212B7B68A100C940AB /* FavoriteViewController.swift */; };
		1BD172482B7B855A00C940AB /* FavoriteMusicModel.xcdatamodeld in Sources */ = {isa = PBXBuildFile; fileRef = 1BD172462B7B855A00C940AB /* FavoriteMusicModel.xcdatamodeld */; };
		1BD172572B7B917E00C940AB /* FavoriteMusicEntity+CoreDataClass.swift in Sources */ = {isa = PBXBuildFile; fileRef = 1BD172552B7B917E00C940AB /* FavoriteMusicEntity+CoreDataClass.swift */; };
		1BD172582B7B917E00C940AB /* FavoriteMusicEntity+CoreDataProperties.swift in Sources */ = {isa = PBXBuildFile; fileRef = 1BD172562B7B917E00C940AB /* FavoriteMusicEntity+CoreDataProperties.swift */; };
		1BD1725A2B7B972500C940AB /* CoreDataManager.swift in Sources */ = {isa = PBXBuildFile; fileRef = 1BD172592B7B972500C940AB /* CoreDataManager.swift */; };
		1BD7C5882B6BE7C200B0C0C7 /* AppDelegate.swift in Sources */ = {isa = PBXBuildFile; fileRef = 1BD7C5872B6BE7C200B0C0C7 /* AppDelegate.swift */; };
		1BD7C58A2B6BE7C200B0C0C7 /* SceneDelegate.swift in Sources */ = {isa = PBXBuildFile; fileRef = 1BD7C5892B6BE7C200B0C0C7 /* SceneDelegate.swift */; };
		1BD7C58C2B6BE7C200B0C0C7 /* MainViewController.swift in Sources */ = {isa = PBXBuildFile; fileRef = 1BD7C58B2B6BE7C200B0C0C7 /* MainViewController.swift */; };
		1BD7C58F2B6BE7C200B0C0C7 /* Main.storyboard in Resources */ = {isa = PBXBuildFile; fileRef = 1BD7C58D2B6BE7C200B0C0C7 /* Main.storyboard */; };
		1BD7C5912B6BE7C300B0C0C7 /* Assets.xcassets in Resources */ = {isa = PBXBuildFile; fileRef = 1BD7C5902B6BE7C300B0C0C7 /* Assets.xcassets */; };
		1BD7C5942B6BE7C300B0C0C7 /* LaunchScreen.storyboard in Resources */ = {isa = PBXBuildFile; fileRef = 1BD7C5922B6BE7C300B0C0C7 /* LaunchScreen.storyboard */; };
		1BF360392B7C9FBF00F60EBF /* FavoriteMusic.swift in Sources */ = {isa = PBXBuildFile; fileRef = 1BF360382B7C9FBF00F60EBF /* FavoriteMusic.swift */; };
		1BF3603B2B7CA33900F60EBF /* FavoriteTableViewCell.swift in Sources */ = {isa = PBXBuildFile; fileRef = 1BF3603A2B7CA33900F60EBF /* FavoriteTableViewCell.swift */; };
		1BF471112B707A2300A54012 /* MainTableViewCell.swift in Sources */ = {isa = PBXBuildFile; fileRef = 1BF471102B707A2300A54012 /* MainTableViewCell.swift */; };
		1BF471132B708BD200A54012 /* Constants.swift in Sources */ = {isa = PBXBuildFile; fileRef = 1BF471122B708BD200A54012 /* Constants.swift */; };
		1BF471152B708DC200A54012 /* MusicModel.swift in Sources */ = {isa = PBXBuildFile; fileRef = 1BF471142B708DC200A54012 /* MusicModel.swift */; };
		1BF471172B70922B00A54012 /* NetworkManager.swift in Sources */ = {isa = PBXBuildFile; fileRef = 1BF471162B70922B00A54012 /* NetworkManager.swift */; };
		1BF4711B2B70975D00A54012 /* NetworkError.swift in Sources */ = {isa = PBXBuildFile; fileRef = 1BF4711A2B70975D00A54012 /* NetworkError.swift */; };
		1BF4711D2B70A57200A54012 /* SearchResultCollectionViewCell.swift in Sources */ = {isa = PBXBuildFile; fileRef = 1BF4711C2B70A57200A54012 /* SearchResultCollectionViewCell.swift */; };
		1BF4711F2B70AD5B00A54012 /* SearchResultViewController.swift in Sources */ = {isa = PBXBuildFile; fileRef = 1BF4711E2B70AD5B00A54012 /* SearchResultViewController.swift */; };
		739B8FE4FCAA611D298ED72F /* Pods_MusicSearch.framework in Frameworks */ = {isa = PBXBuildFile; fileRef = B63E694CBE72D7027C7EAB94 /* Pods_MusicSearch.framework */; };
/* End PBXBuildFile section */

/* Begin PBXFileReference section */
		1BAE40E72B72060400B4CD56 /* DetailViewController.swift */ = {isa = PBXFileReference; lastKnownFileType = sourcecode.swift; path = DetailViewController.swift; sourceTree = "<group>"; };
		1BC195D02B7484E6002EE44B /* UIColor+Extension.swift */ = {isa = PBXFileReference; lastKnownFileType = sourcecode.swift; path = "UIColor+Extension.swift"; sourceTree = "<group>"; };
		1BC557062B7A2E9100C0D039 /* ImageCacheManager.swift */ = {isa = PBXFileReference; lastKnownFileType = sourcecode.swift; path = ImageCacheManager.swift; sourceTree = "<group>"; };
		1BC557082B7A3B2A00C0D039 /* UIImageView+Extension.swift */ = {isa = PBXFileReference; lastKnownFileType = sourcecode.swift; path = "UIImageView+Extension.swift"; sourceTree = "<group>"; };
		1BD172212B7B68A100C940AB /* FavoriteViewController.swift */ = {isa = PBXFileReference; lastKnownFileType = sourcecode.swift; path = FavoriteViewController.swift; sourceTree = "<group>"; };
		1BD172472B7B855A00C940AB /* FavoriteMusicModel.xcdatamodel */ = {isa = PBXFileReference; lastKnownFileType = wrapper.xcdatamodel; path = FavoriteMusicModel.xcdatamodel; sourceTree = "<group>"; };
		1BD172552B7B917E00C940AB /* FavoriteMusicEntity+CoreDataClass.swift */ = {isa = PBXFileReference; lastKnownFileType = sourcecode.swift; path = "FavoriteMusicEntity+CoreDataClass.swift"; sourceTree = SOURCE_ROOT; };
		1BD172562B7B917E00C940AB /* FavoriteMusicEntity+CoreDataProperties.swift */ = {isa = PBXFileReference; lastKnownFileType = sourcecode.swift; path = "FavoriteMusicEntity+CoreDataProperties.swift"; sourceTree = SOURCE_ROOT; };
		1BD172592B7B972500C940AB /* CoreDataManager.swift */ = {isa = PBXFileReference; lastKnownFileType = sourcecode.swift; path = CoreDataManager.swift; sourceTree = "<group>"; };
		1BD7C5842B6BE7C200B0C0C7 /* MusicSearch.app */ = {isa = PBXFileReference; explicitFileType = wrapper.application; includeInIndex = 0; path = MusicSearch.app; sourceTree = BUILT_PRODUCTS_DIR; };
		1BD7C5872B6BE7C200B0C0C7 /* AppDelegate.swift */ = {isa = PBXFileReference; lastKnownFileType = sourcecode.swift; path = AppDelegate.swift; sourceTree = "<group>"; };
		1BD7C5892B6BE7C200B0C0C7 /* SceneDelegate.swift */ = {isa = PBXFileReference; lastKnownFileType = sourcecode.swift; path = SceneDelegate.swift; sourceTree = "<group>"; };
		1BD7C58B2B6BE7C200B0C0C7 /* MainViewController.swift */ = {isa = PBXFileReference; lastKnownFileType = sourcecode.swift; path = MainViewController.swift; sourceTree = "<group>"; };
		1BD7C58E2B6BE7C200B0C0C7 /* Base */ = {isa = PBXFileReference; lastKnownFileType = file.storyboard; name = Base; path = Base.lproj/Main.storyboard; sourceTree = "<group>"; };
		1BD7C5902B6BE7C300B0C0C7 /* Assets.xcassets */ = {isa = PBXFileReference; lastKnownFileType = folder.assetcatalog; path = Assets.xcassets; sourceTree = "<group>"; };
		1BD7C5932B6BE7C300B0C0C7 /* Base */ = {isa = PBXFileReference; lastKnownFileType = file.storyboard; name = Base; path = Base.lproj/LaunchScreen.storyboard; sourceTree = "<group>"; };
		1BD7C5952B6BE7C300B0C0C7 /* Info.plist */ = {isa = PBXFileReference; lastKnownFileType = text.plist.xml; path = Info.plist; sourceTree = "<group>"; };
		1BD7C59C2B6BEFA300B0C0C7 /* .swiftlint.yml */ = {isa = PBXFileReference; lastKnownFileType = text.yaml; path = .swiftlint.yml; sourceTree = "<group>"; };
		1BF360382B7C9FBF00F60EBF /* FavoriteMusic.swift */ = {isa = PBXFileReference; lastKnownFileType = sourcecode.swift; path = FavoriteMusic.swift; sourceTree = "<group>"; };
		1BF3603A2B7CA33900F60EBF /* FavoriteTableViewCell.swift */ = {isa = PBXFileReference; lastKnownFileType = sourcecode.swift; path = FavoriteTableViewCell.swift; sourceTree = "<group>"; };
		1BF471102B707A2300A54012 /* MainTableViewCell.swift */ = {isa = PBXFileReference; lastKnownFileType = sourcecode.swift; path = MainTableViewCell.swift; sourceTree = "<group>"; };
		1BF471122B708BD200A54012 /* Constants.swift */ = {isa = PBXFileReference; lastKnownFileType = sourcecode.swift; path = Constants.swift; sourceTree = "<group>"; };
		1BF471142B708DC200A54012 /* MusicModel.swift */ = {isa = PBXFileReference; lastKnownFileType = sourcecode.swift; path = MusicModel.swift; sourceTree = "<group>"; };
		1BF471162B70922B00A54012 /* NetworkManager.swift */ = {isa = PBXFileReference; lastKnownFileType = sourcecode.swift; path = NetworkManager.swift; sourceTree = "<group>"; };
		1BF4711A2B70975D00A54012 /* NetworkError.swift */ = {isa = PBXFileReference; lastKnownFileType = sourcecode.swift; path = NetworkError.swift; sourceTree = "<group>"; };
		1BF4711C2B70A57200A54012 /* SearchResultCollectionViewCell.swift */ = {isa = PBXFileReference; lastKnownFileType = sourcecode.swift; path = SearchResultCollectionViewCell.swift; sourceTree = "<group>"; };
		1BF4711E2B70AD5B00A54012 /* SearchResultViewController.swift */ = {isa = PBXFileReference; lastKnownFileType = sourcecode.swift; path = SearchResultViewController.swift; sourceTree = "<group>"; };
		35739F12F6EC16A02459064B /* Pods-MusicSearch.debug.xcconfig */ = {isa = PBXFileReference; includeInIndex = 1; lastKnownFileType = text.xcconfig; name = "Pods-MusicSearch.debug.xcconfig"; path = "Target Support Files/Pods-MusicSearch/Pods-MusicSearch.debug.xcconfig"; sourceTree = "<group>"; };
		B63E694CBE72D7027C7EAB94 /* Pods_MusicSearch.framework */ = {isa = PBXFileReference; explicitFileType = wrapper.framework; includeInIndex = 0; path = Pods_MusicSearch.framework; sourceTree = BUILT_PRODUCTS_DIR; };
		F36AADE375E579E0DAEB97A2 /* Pods-MusicSearch.release.xcconfig */ = {isa = PBXFileReference; includeInIndex = 1; lastKnownFileType = text.xcconfig; name = "Pods-MusicSearch.release.xcconfig"; path = "Target Support Files/Pods-MusicSearch/Pods-MusicSearch.release.xcconfig"; sourceTree = "<group>"; };
/* End PBXFileReference section */

/* Begin PBXFrameworksBuildPhase section */
		1BD7C5812B6BE7C200B0C0C7 /* Frameworks */ = {
			isa = PBXFrameworksBuildPhase;
			buildActionMask = 2147483647;
			files = (
				739B8FE4FCAA611D298ED72F /* Pods_MusicSearch.framework in Frameworks */,
			);
			runOnlyForDeploymentPostprocessing = 0;
		};
/* End PBXFrameworksBuildPhase section */

/* Begin PBXGroup section */
		1BC195D22B74850E002EE44B /* Extension */ = {
			isa = PBXGroup;
			children = (
				1BC195D02B7484E6002EE44B /* UIColor+Extension.swift */,
				1BC557082B7A3B2A00C0D039 /* UIImageView+Extension.swift */,
			);
			path = Extension;
			sourceTree = "<group>";
		};
		1BD7C57B2B6BE7C200B0C0C7 = {
			isa = PBXGroup;
			children = (
				1BD7C59C2B6BEFA300B0C0C7 /* .swiftlint.yml */,
				1BD7C5862B6BE7C200B0C0C7 /* MusicSearch */,
				1BD7C58D2B6BE7C200B0C0C7 /* Main.storyboard */,
				1BD7C5902B6BE7C300B0C0C7 /* Assets.xcassets */,
				1BD7C5922B6BE7C300B0C0C7 /* LaunchScreen.storyboard */,
				1BD172462B7B855A00C940AB /* FavoriteMusicModel.xcdatamodeld */,
				1BD7C5852B6BE7C200B0C0C7 /* Products */,
				FDBC5B0C9A722A7F07D07F3E /* Pods */,
				B682B6BA56F47D526F0A9EE6 /* Frameworks */,
			);
			sourceTree = "<group>";
		};
		1BD7C5852B6BE7C200B0C0C7 /* Products */ = {
			isa = PBXGroup;
			children = (
				1BD7C5842B6BE7C200B0C0C7 /* MusicSearch.app */,
			);
			name = Products;
			sourceTree = "<group>";
		};
		1BD7C5862B6BE7C200B0C0C7 /* MusicSearch */ = {
			isa = PBXGroup;
			children = (
				1BD7C5952B6BE7C300B0C0C7 /* Info.plist */,
				1BD7C5872B6BE7C200B0C0C7 /* AppDelegate.swift */,
				1BD7C5892B6BE7C200B0C0C7 /* SceneDelegate.swift */,
				1BF4710F2B70794F00A54012 /* Model */,
				1BF4710E2B70794700A54012 /* View */,
				1BF4710D2B70793D00A54012 /* Controller */,
			);
			path = MusicSearch;
			sourceTree = "<group>";
		};
		1BF4710D2B70793D00A54012 /* Controller */ = {
			isa = PBXGroup;
			children = (
				1BD7C58B2B6BE7C200B0C0C7 /* MainViewController.swift */,
				1BF4711E2B70AD5B00A54012 /* SearchResultViewController.swift */,
				1BAE40E72B72060400B4CD56 /* DetailViewController.swift */,
				1BD172212B7B68A100C940AB /* FavoriteViewController.swift */,
			);
			path = Controller;
			sourceTree = "<group>";
		};
		1BF4710E2B70794700A54012 /* View */ = {
			isa = PBXGroup;
			children = (
				1BF471102B707A2300A54012 /* MainTableViewCell.swift */,
				1BF4711C2B70A57200A54012 /* SearchResultCollectionViewCell.swift */,
				1BF3603A2B7CA33900F60EBF /* FavoriteTableViewCell.swift */,
			);
			path = View;
			sourceTree = "<group>";
		};
		1BF4710F2B70794F00A54012 /* Model */ = {
			isa = PBXGroup;
			children = (
				1BC195D22B74850E002EE44B /* Extension */,
				1BF471122B708BD200A54012 /* Constants.swift */,
				1BF471142B708DC200A54012 /* MusicModel.swift */,
				1BF360382B7C9FBF00F60EBF /* FavoriteMusic.swift */,
				1BF471162B70922B00A54012 /* NetworkManager.swift */,
				1BC557062B7A2E9100C0D039 /* ImageCacheManager.swift */,
				1BF4711A2B70975D00A54012 /* NetworkError.swift */,
				1BD172552B7B917E00C940AB /* FavoriteMusicEntity+CoreDataClass.swift */,
				1BD172562B7B917E00C940AB /* FavoriteMusicEntity+CoreDataProperties.swift */,
				1BD172592B7B972500C940AB /* CoreDataManager.swift */,
			);
			path = Model;
			sourceTree = "<group>";
		};
		B682B6BA56F47D526F0A9EE6 /* Frameworks */ = {
			isa = PBXGroup;
			children = (
				B63E694CBE72D7027C7EAB94 /* Pods_MusicSearch.framework */,
			);
			name = Frameworks;
			sourceTree = "<group>";
		};
		FDBC5B0C9A722A7F07D07F3E /* Pods */ = {
			isa = PBXGroup;
			children = (
				35739F12F6EC16A02459064B /* Pods-MusicSearch.debug.xcconfig */,
				F36AADE375E579E0DAEB97A2 /* Pods-MusicSearch.release.xcconfig */,
			);
			path = Pods;
			sourceTree = "<group>";
		};
/* End PBXGroup section */

/* Begin PBXNativeTarget section */
		1BD7C5832B6BE7C200B0C0C7 /* MusicSearch */ = {
			isa = PBXNativeTarget;
			buildConfigurationList = 1BD7C5982B6BE7C300B0C0C7 /* Build configuration list for PBXNativeTarget "MusicSearch" */;
			buildPhases = (
				E9AA6E0796AD22C1A304858E /* [CP] Check Pods Manifest.lock */,
				1BD7C5802B6BE7C200B0C0C7 /* Sources */,
				1BD7C5812B6BE7C200B0C0C7 /* Frameworks */,
				1BD7C5822B6BE7C200B0C0C7 /* Resources */,
				1BD7C59B2B6BEBD900B0C0C7 /* Run Script */,
			);
			buildRules = (
			);
			dependencies = (
			);
			name = MusicSearch;
			productName = MusicSearch;
			productReference = 1BD7C5842B6BE7C200B0C0C7 /* MusicSearch.app */;
			productType = "com.apple.product-type.application";
		};
/* End PBXNativeTarget section */

/* Begin PBXProject section */
		1BD7C57C2B6BE7C200B0C0C7 /* Project object */ = {
			isa = PBXProject;
			attributes = {
				BuildIndependentTargetsInParallel = 1;
				LastSwiftUpdateCheck = 1520;
				LastUpgradeCheck = 1520;
				TargetAttributes = {
					1BD7C5832B6BE7C200B0C0C7 = {
						CreatedOnToolsVersion = 15.2;
					};
				};
			};
			buildConfigurationList = 1BD7C57F2B6BE7C200B0C0C7 /* Build configuration list for PBXProject "MusicSearch" */;
			compatibilityVersion = "Xcode 14.0";
			developmentRegion = en;
			hasScannedForEncodings = 0;
			knownRegions = (
				en,
				Base,
			);
			mainGroup = 1BD7C57B2B6BE7C200B0C0C7;
			productRefGroup = 1BD7C5852B6BE7C200B0C0C7 /* Products */;
			projectDirPath = "";
			projectRoot = "";
			targets = (
				1BD7C5832B6BE7C200B0C0C7 /* MusicSearch */,
			);
		};
/* End PBXProject section */

/* Begin PBXResourcesBuildPhase section */
		1BD7C5822B6BE7C200B0C0C7 /* Resources */ = {
			isa = PBXResourcesBuildPhase;
			buildActionMask = 2147483647;
			files = (
				1BD7C5942B6BE7C300B0C0C7 /* LaunchScreen.storyboard in Resources */,
				1BD7C5912B6BE7C300B0C0C7 /* Assets.xcassets in Resources */,
				1BD7C58F2B6BE7C200B0C0C7 /* Main.storyboard in Resources */,
			);
			runOnlyForDeploymentPostprocessing = 0;
		};
/* End PBXResourcesBuildPhase section */

/* Begin PBXShellScriptBuildPhase section */
		1BD7C59B2B6BEBD900B0C0C7 /* Run Script */ = {
			isa = PBXShellScriptBuildPhase;
			alwaysOutOfDate = 1;
			buildActionMask = 2147483647;
			files = (
			);
			inputFileListPaths = (
			);
			inputPaths = (
			);
			name = "Run Script";
			outputFileListPaths = (
			);
			outputPaths = (
			);
			runOnlyForDeploymentPostprocessing = 0;
			shellPath = /bin/sh;
			shellScript = "\"${PODS_ROOT}/SwiftLint/swiftlint\"\n";
		};
		E9AA6E0796AD22C1A304858E /* [CP] Check Pods Manifest.lock */ = {
			isa = PBXShellScriptBuildPhase;
			buildActionMask = 2147483647;
			files = (
			);
			inputFileListPaths = (
			);
			inputPaths = (
				"${PODS_PODFILE_DIR_PATH}/Podfile.lock",
				"${PODS_ROOT}/Manifest.lock",
			);
			name = "[CP] Check Pods Manifest.lock";
			outputFileListPaths = (
			);
			outputPaths = (
				"$(DERIVED_FILE_DIR)/Pods-MusicSearch-checkManifestLockResult.txt",
			);
			runOnlyForDeploymentPostprocessing = 0;
			shellPath = /bin/sh;
			shellScript = "diff \"${PODS_PODFILE_DIR_PATH}/Podfile.lock\" \"${PODS_ROOT}/Manifest.lock\" > /dev/null\nif [ $? != 0 ] ; then\n    # print error to STDERR\n    echo \"error: The sandbox is not in sync with the Podfile.lock. Run 'pod install' or update your CocoaPods installation.\" >&2\n    exit 1\nfi\n# This output is used by Xcode 'outputs' to avoid re-running this script phase.\necho \"SUCCESS\" > \"${SCRIPT_OUTPUT_FILE_0}\"\n";
			showEnvVarsInLog = 0;
		};
/* End PBXShellScriptBuildPhase section */

/* Begin PBXSourcesBuildPhase section */
		1BD7C5802B6BE7C200B0C0C7 /* Sources */ = {
			isa = PBXSourcesBuildPhase;
			buildActionMask = 2147483647;
			files = (
				1BAE40E82B72060400B4CD56 /* DetailViewController.swift in Sources */,
				1BD7C58C2B6BE7C200B0C0C7 /* MainViewController.swift in Sources */,
				1BC557092B7A3B2A00C0D039 /* UIImageView+Extension.swift in Sources */,
				1BD1725A2B7B972500C940AB /* CoreDataManager.swift in Sources */,
				1BF4711B2B70975D00A54012 /* NetworkError.swift in Sources */,
				1BD172222B7B68A200C940AB /* FavoriteViewController.swift in Sources */,
				1BC195D12B7484E6002EE44B /* UIColor+Extension.swift in Sources */,
				1BF4711F2B70AD5B00A54012 /* SearchResultViewController.swift in Sources */,
				1BC557072B7A2E9100C0D039 /* ImageCacheManager.swift in Sources */,
				1BD7C5882B6BE7C200B0C0C7 /* AppDelegate.swift in Sources */,
				1BD172482B7B855A00C940AB /* FavoriteMusicModel.xcdatamodeld in Sources */,
				1BF360392B7C9FBF00F60EBF /* FavoriteMusic.swift in Sources */,
				1BF471132B708BD200A54012 /* Constants.swift in Sources */,
				1BF4711D2B70A57200A54012 /* SearchResultCollectionViewCell.swift in Sources */,
				1BF471172B70922B00A54012 /* NetworkManager.swift in Sources */,
				1BF471112B707A2300A54012 /* MainTableViewCell.swift in Sources */,
				1BD172582B7B917E00C940AB /* FavoriteMusicEntity+CoreDataProperties.swift in Sources */,
				1BD7C58A2B6BE7C200B0C0C7 /* SceneDelegate.swift in Sources */,
				1BF471152B708DC200A54012 /* MusicModel.swift in Sources */,
				1BF3603B2B7CA33900F60EBF /* FavoriteTableViewCell.swift in Sources */,
				1BD172572B7B917E00C940AB /* FavoriteMusicEntity+CoreDataClass.swift in Sources */,
			);
			runOnlyForDeploymentPostprocessing = 0;
		};
/* End PBXSourcesBuildPhase section */

/* Begin PBXVariantGroup section */
		1BD7C58D2B6BE7C200B0C0C7 /* Main.storyboard */ = {
			isa = PBXVariantGroup;
			children = (
				1BD7C58E2B6BE7C200B0C0C7 /* Base */,
			);
			name = Main.storyboard;
			sourceTree = "<group>";
		};
		1BD7C5922B6BE7C300B0C0C7 /* LaunchScreen.storyboard */ = {
			isa = PBXVariantGroup;
			children = (
				1BD7C5932B6BE7C300B0C0C7 /* Base */,
			);
			name = LaunchScreen.storyboard;
			sourceTree = "<group>";
		};
/* End PBXVariantGroup section */

/* Begin XCBuildConfiguration section */
		1BD7C5962B6BE7C300B0C0C7 /* Debug */ = {
			isa = XCBuildConfiguration;
			buildSettings = {
				ALWAYS_SEARCH_USER_PATHS = NO;
				ASSETCATALOG_COMPILER_GENERATE_SWIFT_ASSET_SYMBOL_EXTENSIONS = YES;
				CLANG_ANALYZER_NONNULL = YES;
				CLANG_ANALYZER_NUMBER_OBJECT_CONVERSION = YES_AGGRESSIVE;
				CLANG_CXX_LANGUAGE_STANDARD = "gnu++20";
				CLANG_ENABLE_MODULES = YES;
				CLANG_ENABLE_OBJC_ARC = YES;
				CLANG_ENABLE_OBJC_WEAK = YES;
				CLANG_WARN_BLOCK_CAPTURE_AUTORELEASING = YES;
				CLANG_WARN_BOOL_CONVERSION = YES;
				CLANG_WARN_COMMA = YES;
				CLANG_WARN_CONSTANT_CONVERSION = YES;
				CLANG_WARN_DEPRECATED_OBJC_IMPLEMENTATIONS = YES;
				CLANG_WARN_DIRECT_OBJC_ISA_USAGE = YES_ERROR;
				CLANG_WARN_DOCUMENTATION_COMMENTS = YES;
				CLANG_WARN_EMPTY_BODY = YES;
				CLANG_WARN_ENUM_CONVERSION = YES;
				CLANG_WARN_INFINITE_RECURSION = YES;
				CLANG_WARN_INT_CONVERSION = YES;
				CLANG_WARN_NON_LITERAL_NULL_CONVERSION = YES;
				CLANG_WARN_OBJC_IMPLICIT_RETAIN_SELF = YES;
				CLANG_WARN_OBJC_LITERAL_CONVERSION = YES;
				CLANG_WARN_OBJC_ROOT_CLASS = YES_ERROR;
				CLANG_WARN_QUOTED_INCLUDE_IN_FRAMEWORK_HEADER = YES;
				CLANG_WARN_RANGE_LOOP_ANALYSIS = YES;
				CLANG_WARN_STRICT_PROTOTYPES = YES;
				CLANG_WARN_SUSPICIOUS_MOVE = YES;
				CLANG_WARN_UNGUARDED_AVAILABILITY = YES_AGGRESSIVE;
				CLANG_WARN_UNREACHABLE_CODE = YES;
				CLANG_WARN__DUPLICATE_METHOD_MATCH = YES;
				COPY_PHASE_STRIP = NO;
				DEBUG_INFORMATION_FORMAT = dwarf;
				ENABLE_STRICT_OBJC_MSGSEND = YES;
				ENABLE_TESTABILITY = YES;
				ENABLE_USER_SCRIPT_SANDBOXING = YES;
				GCC_C_LANGUAGE_STANDARD = gnu17;
				GCC_DYNAMIC_NO_PIC = NO;
				GCC_NO_COMMON_BLOCKS = YES;
				GCC_OPTIMIZATION_LEVEL = 0;
				GCC_PREPROCESSOR_DEFINITIONS = (
					"DEBUG=1",
					"$(inherited)",
				);
				GCC_WARN_64_TO_32_BIT_CONVERSION = YES;
				GCC_WARN_ABOUT_RETURN_TYPE = YES_ERROR;
				GCC_WARN_UNDECLARED_SELECTOR = YES;
				GCC_WARN_UNINITIALIZED_AUTOS = YES_AGGRESSIVE;
				GCC_WARN_UNUSED_FUNCTION = YES;
				GCC_WARN_UNUSED_VARIABLE = YES;
				IPHONEOS_DEPLOYMENT_TARGET = 13.0;
				LOCALIZATION_PREFERS_STRING_CATALOGS = YES;
				MTL_ENABLE_DEBUG_INFO = INCLUDE_SOURCE;
				MTL_FAST_MATH = YES;
				ONLY_ACTIVE_ARCH = YES;
				SDKROOT = iphoneos;
				SWIFT_ACTIVE_COMPILATION_CONDITIONS = "DEBUG $(inherited)";
				SWIFT_OPTIMIZATION_LEVEL = "-Onone";
			};
			name = Debug;
		};
		1BD7C5972B6BE7C300B0C0C7 /* Release */ = {
			isa = XCBuildConfiguration;
			buildSettings = {
				ALWAYS_SEARCH_USER_PATHS = NO;
				ASSETCATALOG_COMPILER_GENERATE_SWIFT_ASSET_SYMBOL_EXTENSIONS = YES;
				CLANG_ANALYZER_NONNULL = YES;
				CLANG_ANALYZER_NUMBER_OBJECT_CONVERSION = YES_AGGRESSIVE;
				CLANG_CXX_LANGUAGE_STANDARD = "gnu++20";
				CLANG_ENABLE_MODULES = YES;
				CLANG_ENABLE_OBJC_ARC = YES;
				CLANG_ENABLE_OBJC_WEAK = YES;
				CLANG_WARN_BLOCK_CAPTURE_AUTORELEASING = YES;
				CLANG_WARN_BOOL_CONVERSION = YES;
				CLANG_WARN_COMMA = YES;
				CLANG_WARN_CONSTANT_CONVERSION = YES;
				CLANG_WARN_DEPRECATED_OBJC_IMPLEMENTATIONS = YES;
				CLANG_WARN_DIRECT_OBJC_ISA_USAGE = YES_ERROR;
				CLANG_WARN_DOCUMENTATION_COMMENTS = YES;
				CLANG_WARN_EMPTY_BODY = YES;
				CLANG_WARN_ENUM_CONVERSION = YES;
				CLANG_WARN_INFINITE_RECURSION = YES;
				CLANG_WARN_INT_CONVERSION = YES;
				CLANG_WARN_NON_LITERAL_NULL_CONVERSION = YES;
				CLANG_WARN_OBJC_IMPLICIT_RETAIN_SELF = YES;
				CLANG_WARN_OBJC_LITERAL_CONVERSION = YES;
				CLANG_WARN_OBJC_ROOT_CLASS = YES_ERROR;
				CLANG_WARN_QUOTED_INCLUDE_IN_FRAMEWORK_HEADER = YES;
				CLANG_WARN_RANGE_LOOP_ANALYSIS = YES;
				CLANG_WARN_STRICT_PROTOTYPES = YES;
				CLANG_WARN_SUSPICIOUS_MOVE = YES;
				CLANG_WARN_UNGUARDED_AVAILABILITY = YES_AGGRESSIVE;
				CLANG_WARN_UNREACHABLE_CODE = YES;
				CLANG_WARN__DUPLICATE_METHOD_MATCH = YES;
				COPY_PHASE_STRIP = NO;
				DEBUG_INFORMATION_FORMAT = "dwarf-with-dsym";
				ENABLE_NS_ASSERTIONS = NO;
				ENABLE_STRICT_OBJC_MSGSEND = YES;
				ENABLE_USER_SCRIPT_SANDBOXING = YES;
				GCC_C_LANGUAGE_STANDARD = gnu17;
				GCC_NO_COMMON_BLOCKS = YES;
				GCC_WARN_64_TO_32_BIT_CONVERSION = YES;
				GCC_WARN_ABOUT_RETURN_TYPE = YES_ERROR;
				GCC_WARN_UNDECLARED_SELECTOR = YES;
				GCC_WARN_UNINITIALIZED_AUTOS = YES_AGGRESSIVE;
				GCC_WARN_UNUSED_FUNCTION = YES;
				GCC_WARN_UNUSED_VARIABLE = YES;
				IPHONEOS_DEPLOYMENT_TARGET = 13.0;
				LOCALIZATION_PREFERS_STRING_CATALOGS = YES;
				MTL_ENABLE_DEBUG_INFO = NO;
				MTL_FAST_MATH = YES;
				SDKROOT = iphoneos;
				SWIFT_COMPILATION_MODE = wholemodule;
				VALIDATE_PRODUCT = YES;
			};
			name = Release;
		};
		1BD7C5992B6BE7C300B0C0C7 /* Debug */ = {
			isa = XCBuildConfiguration;
			baseConfigurationReference = 35739F12F6EC16A02459064B /* Pods-MusicSearch.debug.xcconfig */;
			buildSettings = {
				ASSETCATALOG_COMPILER_APPICON_NAME = AppIcon;
				ASSETCATALOG_COMPILER_GLOBAL_ACCENT_COLOR_NAME = AccentColor;
				CODE_SIGN_STYLE = Automatic;
				CURRENT_PROJECT_VERSION = 1;
				ENABLE_USER_SCRIPT_SANDBOXING = NO;
				GENERATE_INFOPLIST_FILE = YES;
				INFOPLIST_FILE = MusicSearch/Info.plist;
				INFOPLIST_KEY_UIApplicationSupportsIndirectInputEvents = YES;
				INFOPLIST_KEY_UILaunchStoryboardName = LaunchScreen;
				INFOPLIST_KEY_UIMainStoryboardFile = Main;
				INFOPLIST_KEY_UISupportedInterfaceOrientations = UIInterfaceOrientationPortrait;
				INFOPLIST_KEY_UISupportedInterfaceOrientations_iPad = "UIInterfaceOrientationLandscapeLeft UIInterfaceOrientationLandscapeRight UIInterfaceOrientationPortrait UIInterfaceOrientationPortraitUpsideDown";
				LD_RUNPATH_SEARCH_PATHS = (
					"$(inherited)",
					"@executable_path/Frameworks",
				);
				MARKETING_VERSION = 1.0;
				PRODUCT_BUNDLE_IDENTIFIER = com.mangdi.MusicSearch;
				PRODUCT_NAME = "$(TARGET_NAME)";
				SUPPORTED_PLATFORMS = "iphoneos iphonesimulator";
				SUPPORTS_MACCATALYST = NO;
				SUPPORTS_MAC_DESIGNED_FOR_IPHONE_IPAD = NO;
				SUPPORTS_XR_DESIGNED_FOR_IPHONE_IPAD = NO;
				SWIFT_EMIT_LOC_STRINGS = YES;
				SWIFT_VERSION = 5.0;
				TARGETED_DEVICE_FAMILY = 1;
			};
			name = Debug;
		};
		1BD7C59A2B6BE7C300B0C0C7 /* Release */ = {
			isa = XCBuildConfiguration;
			baseConfigurationReference = F36AADE375E579E0DAEB97A2 /* Pods-MusicSearch.release.xcconfig */;
			buildSettings = {
				ASSETCATALOG_COMPILER_APPICON_NAME = AppIcon;
				ASSETCATALOG_COMPILER_GLOBAL_ACCENT_COLOR_NAME = AccentColor;
				CODE_SIGN_STYLE = Automatic;
				CURRENT_PROJECT_VERSION = 1;
				ENABLE_USER_SCRIPT_SANDBOXING = NO;
				GENERATE_INFOPLIST_FILE = YES;
				INFOPLIST_FILE = MusicSearch/Info.plist;
				INFOPLIST_KEY_UIApplicationSupportsIndirectInputEvents = YES;
				INFOPLIST_KEY_UILaunchStoryboardName = LaunchScreen;
				INFOPLIST_KEY_UIMainStoryboardFile = Main;
				INFOPLIST_KEY_UISupportedInterfaceOrientations = UIInterfaceOrientationPortrait;
				INFOPLIST_KEY_UISupportedInterfaceOrientations_iPad = "UIInterfaceOrientationLandscapeLeft UIInterfaceOrientationLandscapeRight UIInterfaceOrientationPortrait UIInterfaceOrientationPortraitUpsideDown";
				LD_RUNPATH_SEARCH_PATHS = (
					"$(inherited)",
					"@executable_path/Frameworks",
				);
				MARKETING_VERSION = 1.0;
				PRODUCT_BUNDLE_IDENTIFIER = com.mangdi.MusicSearch;
				PRODUCT_NAME = "$(TARGET_NAME)";
				SUPPORTED_PLATFORMS = "iphoneos iphonesimulator";
				SUPPORTS_MACCATALYST = NO;
				SUPPORTS_MAC_DESIGNED_FOR_IPHONE_IPAD = NO;
				SUPPORTS_XR_DESIGNED_FOR_IPHONE_IPAD = NO;
				SWIFT_EMIT_LOC_STRINGS = YES;
				SWIFT_VERSION = 5.0;
				TARGETED_DEVICE_FAMILY = 1;
			};
			name = Release;
		};
/* End XCBuildConfiguration section */

/* Begin XCConfigurationList section */
		1BD7C57F2B6BE7C200B0C0C7 /* Build configuration list for PBXProject "MusicSearch" */ = {
			isa = XCConfigurationList;
			buildConfigurations = (
				1BD7C5962B6BE7C300B0C0C7 /* Debug */,
				1BD7C5972B6BE7C300B0C0C7 /* Release */,
			);
			defaultConfigurationIsVisible = 0;
			defaultConfigurationName = Release;
		};
		1BD7C5982B6BE7C300B0C0C7 /* Build configuration list for PBXNativeTarget "MusicSearch" */ = {
			isa = XCConfigurationList;
			buildConfigurations = (
				1BD7C5992B6BE7C300B0C0C7 /* Debug */,
				1BD7C59A2B6BE7C300B0C0C7 /* Release */,
			);
			defaultConfigurationIsVisible = 0;
			defaultConfigurationName = Release;
		};
/* End XCConfigurationList section */

/* Begin XCVersionGroup section */
		1BD172462B7B855A00C940AB /* FavoriteMusicModel.xcdatamodeld */ = {
			isa = XCVersionGroup;
			children = (
				1BD172472B7B855A00C940AB /* FavoriteMusicModel.xcdatamodel */,
			);
			currentVersion = 1BD172472B7B855A00C940AB /* FavoriteMusicModel.xcdatamodel */;
			path = FavoriteMusicModel.xcdatamodeld;
			sourceTree = "<group>";
			versionGroupType = wrapper.xcdatamodel;
		};
/* End XCVersionGroup section */
	};
	rootObject = 1BD7C57C2B6BE7C200B0C0C7 /* Project object */;
}
